
Microsoft Visual Studio Solution File, Format Version 12.00
# Visual Studio Version 17
VisualStudioVersion = 17.5.33502.453
MinimumVisualStudioVersion = 10.0.40219.1
Project("{888888A0-9F3D-457C-B088-3A5042F75D52}") = "Invintations", "Invintations\Invintations.pyproj", "{02750F55-CCA6-46D2-AA97-3A60BF3B7297}"
EndProject
Global
	GlobalSection(SolutionConfigurationPlatforms) = preSolution
		Debug|Any CPU = Debug|Any CPU
		Release|Any CPU = Release|Any CPU
	EndGlobalSection
	GlobalSection(ProjectConfigurationPlatforms) = postSolution
		{02750F55-CCA6-46D2-AA97-3A60BF3B7297}.Debug|Any CPU.ActiveCfg = Debug|Any CPU
		{02750F55-CCA6-46D2-AA97-3A60BF3B7297}.Release|Any CPU.ActiveCfg = Release|Any CPU
	EndGlobalSection
	GlobalSection(SolutionProperties) = preSolution
		HideSolutionNode = FALSE
	EndGlobalSection
	GlobalSection(ExtensibilityGlobals) = postSolution
		SolutionGuid = {0D10BD2B-0701-40D6-A8DF-D21216D857D5}
	EndGlobalSection
EndGlobal
